<Solution>
  <Folder Name="/src/">
    <Project Path="src/Hakamiq.Cso.Cli/Hakamiq.Cso.Cli.csproj" />
    <Project Path="src/Hakamiq.Cso.Core/Hakamiq.Cso.Core.csproj" />
  </Folder>
  <Folder Name="/tests/">
    <Project Path="tests/Hakamiq.Cso.Tests/Hakamiq.Cso.Tests.csproj" />
  </Folder>
</Solution>
